
Microsoft Visual Studio Solution File, Format Version 12.00
# Visual Studio Version 17
VisualStudioVersion = 17.2.32526.322
MinimumVisualStudioVersion = 10.0.40219.1
Project("{FAE04EC0-301F-11D3-BF4B-00C04F79EFBC}") = "AzureRedisCacheDemo", "AzureRedisCacheDemo.csproj", "{28BC62EF-4CEF-442D-8D44-A8DAF1A63570}"
EndProject
Global
	GlobalSection(SolutionConfigurationPlatforms) = preSolution
		Debug|Any CPU = Debug|Any CPU
		Release|Any CPU = Release|Any CPU
	EndGlobalSection
	GlobalSection(ProjectConfigurationPlatforms) = postSolution
		{28BC62EF-4CEF-442D-8D44-A8DAF1A63570}.Debug|Any CPU.ActiveCfg = Debug|Any CPU
		{28BC62EF-4CEF-442D-8D44-A8DAF1A63570}.Debug|Any CPU.Build.0 = Debug|Any CPU
		{28BC62EF-4CEF-442D-8D44-A8DAF1A63570}.Release|Any CPU.ActiveCfg = Release|Any CPU
		{28BC62EF-4CEF-442D-8D44-A8DAF1A63570}.Release|Any CPU.Build.0 = Release|Any CPU
	EndGlobalSection
	GlobalSection(SolutionProperties) = preSolution
		HideSolutionNode = FALSE
	EndGlobalSection
	GlobalSection(ExtensibilityGlobals) = postSolution
		SolutionGuid = {863558CA-B461-41D8-AD70-9C6781F668AC}
	EndGlobalSection
EndGlobal
